Microsoft Visual Studio Solution File, Format Version 12.00
# Visual Studio 15
VisualStudioVersion = 15.0.27703.2042
MinimumVisualStudioVersion = 10.0.40219.1
Project("{9A19103F-16F7-4668-BE54-9A1E7A4F7556}") = "bleak.AutoConvert", "bleak.AutoConvert\bleak.AutoConvert.csproj", "{098A4EFE-06D0-4126-A082-7FE65A0AFA53}"
EndProject
Project("{9A19103F-16F7-4668-BE54-9A1E7A4F7556}") = "bleak.AutoConvert.Tests", "bleak.AutoConvert.Tests\bleak.AutoConvert.Tests.csproj", "{66BBF204-8C34-4C82-9972-AEE2C366DB29}"
EndProject
Project("{2150E333-8FDC-42A3-9474-1A3956D46DE8}") = "Solution Items", "Solution Items", "{D8E2D787-48CC-4CF1-9441-CC9D7BE049E0}"
	ProjectSection(SolutionItems) = preProject
		Readme.md = Readme.md
	EndProjectSection
EndProject
Global
	GlobalSection(SolutionConfigurationPlatforms) = preSolution
		Debug|Any CPU = Debug|Any CPU
		Release|Any CPU = Release|Any CPU
	EndGlobalSection
	GlobalSection(ProjectConfigurationPlatforms) = postSolution
		{098A4EFE-06D0-4126-A082-7FE65A0AFA53}.Debug|Any CPU.ActiveCfg = Debug|Any CPU
		{098A4EFE-06D0-4126-A082-7FE65A0AFA53}.Debug|Any CPU.Build.0 = Debug|Any CPU
		{098A4EFE-06D0-4126-A082-7FE65A0AFA53}.Release|Any CPU.ActiveCfg = Release|Any CPU
		{098A4EFE-06D0-4126-A082-7FE65A0AFA53}.Release|Any CPU.Build.0 = Release|Any CPU
		{66BBF204-8C34-4C82-9972-AEE2C366DB29}.Debug|Any CPU.ActiveCfg = Debug|Any CPU
		{66BBF204-8C34-4C82-9972-AEE2C366DB29}.Debug|Any CPU.Build.0 = Debug|Any CPU
		{66BBF204-8C34-4C82-9972-AEE2C366DB29}.Release|Any CPU.ActiveCfg = Release|Any CPU
		{66BBF204-8C34-4C82-9972-AEE2C366DB29}.Release|Any CPU.Build.0 = Release|Any CPU
	EndGlobalSection
	GlobalSection(SolutionProperties) = preSolution
		HideSolutionNode = FALSE
	EndGlobalSection
	GlobalSection(ExtensibilityGlobals) = postSolution
		SolutionGuid = {0D29880C-CADF-451C-BC12-116558718EB9}
	EndGlobalSection
EndGlobal
